
Microsoft Visual Studio Solution File, Format Version 12.00
# Visual Studio Version 16
VisualStudioVersion = 16.0.31005.135
MinimumVisualStudioVersion = 10.0.40219.1
Project("{9A19103F-16F7-4668-BE54-9A1E7A4F7556}") = "Alejandria.WebAPI", "Alejandria.WebAPI\Alejandria.WebAPI.csproj", "{15BABEE7-3128-43B5-AB85-F2BC9A04BEE4}"
EndProject
Project("{9A19103F-16F7-4668-BE54-9A1E7A4F7556}") = "Alejandria.WebAPI.Implementation", "Alejandria.WebAPI.Implementation\Alejandria.WebAPI.Implementation.csproj", "{A2A69CE5-3259-4642-A17C-5294EF4580AD}"
EndProject
Project("{9A19103F-16F7-4668-BE54-9A1E7A4F7556}") = "Alejandria.NotificationService", "Alejandria.NotificationService\Alejandria.NotificationService.csproj", "{A74462FA-7AC6-4766-B8F3-8750CD109168}"
EndProject
Project("{2150E333-8FDC-42A3-9474-1A3956D46DE8}") = "Notification Service", "Notification Service", "{5D5F3A92-3C72-43E6-A70E-3C5E63F2FE07}"
EndProject
Project("{2150E333-8FDC-42A3-9474-1A3956D46DE8}") = "WebAPI", "WebAPI", "{4E62692A-3C24-4193-9950-55A4C51A1DE1}"
EndProject
Project("{FAE04EC0-301F-11D3-BF4B-00C04F79EFBC}") = "Alejandria.NotificationService.Implementation", "Alejandria.NotificationService.Implementation\Alejandria.NotificationService.Implementation.csproj", "{C7E85914-48B9-4ADD-8F75-B697B83E36D1}"
EndProject
Global
	GlobalSection(SolutionConfigurationPlatforms) = preSolution
		Debug|Any CPU = Debug|Any CPU
		Release|Any CPU = Release|Any CPU
	EndGlobalSection
	GlobalSection(ProjectConfigurationPlatforms) = postSolution
		{15BABEE7-3128-43B5-AB85-F2BC9A04BEE4}.Debug|Any CPU.ActiveCfg = Debug|Any CPU
		{15BABEE7-3128-43B5-AB85-F2BC9A04BEE4}.Debug|Any CPU.Build.0 = Debug|Any CPU
		{15BABEE7-3128-43B5-AB85-F2BC9A04BEE4}.Release|Any CPU.ActiveCfg = Release|Any CPU
		{15BABEE7-3128-43B5-AB85-F2BC9A04BEE4}.Release|Any CPU.Build.0 = Release|Any CPU
		{A2A69CE5-3259-4642-A17C-5294EF4580AD}.Debug|Any CPU.ActiveCfg = Debug|Any CPU
		{A2A69CE5-3259-4642-A17C-5294EF4580AD}.Debug|Any CPU.Build.0 = Debug|Any CPU
		{A2A69CE5-3259-4642-A17C-5294EF4580AD}.Release|Any CPU.ActiveCfg = Release|Any CPU
		{A2A69CE5-3259-4642-A17C-5294EF4580AD}.Release|Any CPU.Build.0 = Release|Any CPU
		{A74462FA-7AC6-4766-B8F3-8750CD109168}.Debug|Any CPU.ActiveCfg = Debug|Any CPU
		{A74462FA-7AC6-4766-B8F3-8750CD109168}.Debug|Any CPU.Build.0 = Debug|Any CPU
		{A74462FA-7AC6-4766-B8F3-8750CD109168}.Release|Any CPU.ActiveCfg = Release|Any CPU
		{A74462FA-7AC6-4766-B8F3-8750CD109168}.Release|Any CPU.Build.0 = Release|Any CPU
		{C7E85914-48B9-4ADD-8F75-B697B83E36D1}.Debug|Any CPU.ActiveCfg = Debug|Any CPU
		{C7E85914-48B9-4ADD-8F75-B697B83E36D1}.Debug|Any CPU.Build.0 = Debug|Any CPU
		{C7E85914-48B9-4ADD-8F75-B697B83E36D1}.Release|Any CPU.ActiveCfg = Release|Any CPU
		{C7E85914-48B9-4ADD-8F75-B697B83E36D1}.Release|Any CPU.Build.0 = Release|Any CPU
	EndGlobalSection
	GlobalSection(SolutionProperties) = preSolution
		HideSolutionNode = FALSE
	EndGlobalSection
	GlobalSection(NestedProjects) = preSolution
		{15BABEE7-3128-43B5-AB85-F2BC9A04BEE4} = {4E62692A-3C24-4193-9950-55A4C51A1DE1}
		{A2A69CE5-3259-4642-A17C-5294EF4580AD} = {4E62692A-3C24-4193-9950-55A4C51A1DE1}
		{A74462FA-7AC6-4766-B8F3-8750CD109168} = {5D5F3A92-3C72-43E6-A70E-3C5E63F2FE07}
		{C7E85914-48B9-4ADD-8F75-B697B83E36D1} = {5D5F3A92-3C72-43E6-A70E-3C5E63F2FE07}
	EndGlobalSection
	GlobalSection(ExtensibilityGlobals) = postSolution
		SolutionGuid = {C479E6CE-D41E-463F-8CFC-358304A793D6}
	EndGlobalSection
EndGlobal
